
Microsoft Visual Studio Solution File, Format Version 12.00
# Visual Studio Version 16
VisualStudioVersion = 16.0.29319.158
MinimumVisualStudioVersion = 10.0.40219.1
Project("{9A19103F-16F7-4668-BE54-9A1E7A4F7556}") = "BlazorApp", "BlazorApp\BlazorApp.csproj", "{8924464E-A4C5-4C83-9266-86A9F09296CD}"
EndProject
Project("{9A19103F-16F7-4668-BE54-9A1E7A4F7556}") = "BlazorDataService", "BlazorDataService\BlazorDataService.csproj", "{2939C2D4-D982-4D2F-91F9-BB748BC0709B}"
EndProject
Global
	GlobalSection(SolutionConfigurationPlatforms) = preSolution
		Debug|Any CPU = Debug|Any CPU
		Release|Any CPU = Release|Any CPU
	EndGlobalSection
	GlobalSection(ProjectConfigurationPlatforms) = postSolution
		{8924464E-A4C5-4C83-9266-86A9F09296CD}.Debug|Any CPU.ActiveCfg = Debug|Any CPU
		{8924464E-A4C5-4C83-9266-86A9F09296CD}.Debug|Any CPU.Build.0 = Debug|Any CPU
		{8924464E-A4C5-4C83-9266-86A9F09296CD}.Release|Any CPU.ActiveCfg = Release|Any CPU
		{8924464E-A4C5-4C83-9266-86A9F09296CD}.Release|Any CPU.Build.0 = Release|Any CPU
		{2939C2D4-D982-4D2F-91F9-BB748BC0709B}.Debug|Any CPU.ActiveCfg = Debug|Any CPU
		{2939C2D4-D982-4D2F-91F9-BB748BC0709B}.Debug|Any CPU.Build.0 = Debug|Any CPU
		{2939C2D4-D982-4D2F-91F9-BB748BC0709B}.Release|Any CPU.ActiveCfg = Release|Any CPU
		{2939C2D4-D982-4D2F-91F9-BB748BC0709B}.Release|Any CPU.Build.0 = Release|Any CPU
	EndGlobalSection
	GlobalSection(SolutionProperties) = preSolution
		HideSolutionNode = FALSE
	EndGlobalSection
	GlobalSection(ExtensibilityGlobals) = postSolution
		SolutionGuid = {D9313C42-288A-4171-9CC0-F7C9DAB3F301}
	EndGlobalSection
EndGlobal
